
Microsoft Visual Studio Solution File, Format Version 12.00
# Visual Studio 15
VisualStudioVersion = 15.0.27130.2036
MinimumVisualStudioVersion = 10.0.40219.1
Project("{9A19103F-16F7-4668-BE54-9A1E7A4F7556}") = "PrintTree", "PrintTree\PrintTree.csproj", "{80368BCA-3BB8-4E42-B42C-905624BFA655}"
EndProject
Project("{FAE04EC0-301F-11D3-BF4B-00C04F79EFBC}") = "AVLTree", "AVLTree\AVLTree.csproj", "{B7F7903F-5D0B-496A-9308-500C380A0145}"
EndProject
Global
	GlobalSection(SolutionConfigurationPlatforms) = preSolution
		Debug|Any CPU = Debug|Any CPU
		Release|Any CPU = Release|Any CPU
	EndGlobalSection
	GlobalSection(ProjectConfigurationPlatforms) = postSolution
		{80368BCA-3BB8-4E42-B42C-905624BFA655}.Debug|Any CPU.ActiveCfg = Debug|Any CPU
		{80368BCA-3BB8-4E42-B42C-905624BFA655}.Debug|Any CPU.Build.0 = Debug|Any CPU
		{80368BCA-3BB8-4E42-B42C-905624BFA655}.Release|Any CPU.ActiveCfg = Release|Any CPU
		{80368BCA-3BB8-4E42-B42C-905624BFA655}.Release|Any CPU.Build.0 = Release|Any CPU
		{B7F7903F-5D0B-496A-9308-500C380A0145}.Debug|Any CPU.ActiveCfg = Debug|Any CPU
		{B7F7903F-5D0B-496A-9308-500C380A0145}.Debug|Any CPU.Build.0 = Debug|Any CPU
		{B7F7903F-5D0B-496A-9308-500C380A0145}.Release|Any CPU.ActiveCfg = Release|Any CPU
		{B7F7903F-5D0B-496A-9308-500C380A0145}.Release|Any CPU.Build.0 = Release|Any CPU
	EndGlobalSection
	GlobalSection(SolutionProperties) = preSolution
		HideSolutionNode = FALSE
	EndGlobalSection
	GlobalSection(ExtensibilityGlobals) = postSolution
		SolutionGuid = {E88CD34B-269A-4F24-B331-A728A5CE9F1D}
	EndGlobalSection
EndGlobal
